
Microsoft Visual Studio Solution File, Format Version 12.00
# Visual Studio Version 17
VisualStudioVersion = 17.8.34511.84
MinimumVisualStudioVersion = 10.0.40219.1
Project("{FAE04EC0-301F-11D3-BF4B-00C04F79EFBC}") = "ЛР 7", "ЛР 7\ЛР 7.csproj", "{ADE1D31A-C8F1-4247-9E4A-7AE2E975A70F}"
EndProject
Global
	GlobalSection(SolutionConfigurationPlatforms) = preSolution
		Debug|Any CPU = Debug|Any CPU
		Release|Any CPU = Release|Any CPU
	EndGlobalSection
	GlobalSection(ProjectConfigurationPlatforms) = postSolution
		{ADE1D31A-C8F1-4247-9E4A-7AE2E975A70F}.Debug|Any CPU.ActiveCfg = Debug|Any CPU
		{ADE1D31A-C8F1-4247-9E4A-7AE2E975A70F}.Debug|Any CPU.Build.0 = Debug|Any CPU
		{ADE1D31A-C8F1-4247-9E4A-7AE2E975A70F}.Release|Any CPU.ActiveCfg = Release|Any CPU
		{ADE1D31A-C8F1-4247-9E4A-7AE2E975A70F}.Release|Any CPU.Build.0 = Release|Any CPU
	EndGlobalSection
	GlobalSection(SolutionProperties) = preSolution
		HideSolutionNode = FALSE
	EndGlobalSection
	GlobalSection(ExtensibilityGlobals) = postSolution
		SolutionGuid = {0C050C4A-B614-4DB5-B33C-AF836DEEB83B}
	EndGlobalSection
EndGlobal
